{
  "requires": true,
  "lockfileVersion": 1,
  "dependencies": {
    "cordova-plugin-whitelist": {
      "version": "1.2.1",
      "resolved": "https://registry.npmjs.org/cordova-plugin-whitelist/-/cordova-plugin-whitelist-1.2.1.tgz",
      "integrity": "sha1-7VUEiU6pa1Y54y+jd3cxWGhC3tI="
    }
  }
}
